
Microsoft Visual Studio Solution File, Format Version 12.00
# Visual Studio 2012
Project("{8BC9CEB8-8B4A-11D0-8D11-00A0C91BC942}") = "dll_injection", "dll_injection\dll_injection.vcxproj", "{99A02592-D19F-492A-9D97-7C3D5ACEB865}"
EndProject
Global
	GlobalSection(SolutionConfigurationPlatforms) = preSolution
		Debug|Win32 = Debug|Win32
		Release|Win32 = Release|Win32
	EndGlobalSection
	GlobalSection(ProjectConfigurationPlatforms) = postSolution
		{99A02592-D19F-492A-9D97-7C3D5ACEB865}.Debug|Win32.ActiveCfg = Debug|Win32
		{99A02592-D19F-492A-9D97-7C3D5ACEB865}.Debug|Win32.Build.0 = Debug|Win32
		{99A02592-D19F-492A-9D97-7C3D5ACEB865}.Release|Win32.ActiveCfg = Release|Win32
		{99A02592-D19F-492A-9D97-7C3D5ACEB865}.Release|Win32.Build.0 = Release|Win32
	EndGlobalSection
	GlobalSection(SolutionProperties) = preSolution
		HideSolutionNode = FALSE
	EndGlobalSection
EndGlobal
